// !$*UTF8*$!
{
	archiveVersion = 1;
	classes = {
	};
	objectVersion = 46;
	objects = {

/* Begin PBXBuildFile section */
		FA432E4C1B28A06D00214364 /* ast.cpp in Sources */ = {isa = PBXBuildFile; fileRef = FA432E2F1B28A00300214364 /* ast.cpp */; };
		FA432E4E1B28A06D00214364 /* grammar.cpp in Sources */ = {isa = PBXBuildFile; fileRef = FA432E311B28A00300214364 /* grammar.cpp */; };
		FA432E4F1B28A06D00214364 /* grammar_def.cpp in Sources */ = {isa = PBXBuildFile; fileRef = FA432E321B28A00300214364 /* grammar_def.cpp */; };
		FA432E501B28A06D00214364 /* lexer.cpp in Sources */ = {isa = PBXBuildFile; fileRef = FA432E331B28A00300214364 /* lexer.cpp */; };
		FA432E511B28A06D00214364 /* literal.cpp in Sources */ = {isa = PBXBuildFile; fileRef = FA432E341B28A00300214364 /* literal.cpp */; };
		FA432E521B28A06D00214364 /* main.cpp in Sources */ = {isa = PBXBuildFile; fileRef = FA432E351B28A00300214364 /* main.cpp */; };
		FA432E531B28A06D00214364 /* node.cpp in Sources */ = {isa = PBXBuildFile; fileRef = FA432E361B28A00300214364 /* node.cpp */; };
		FA432E551B28A06D00214364 /* parser.cpp in Sources */ = {isa = PBXBuildFile; fileRef = FA432E381B28A00300214364 /* parser.cpp */; };
		FA432E561B28A06D00214364 /* pass_def.cpp in Sources */ = {isa = PBXBuildFile; fileRef = FA432E391B28A00300214364 /* pass_def.cpp */; };
		FA432E571B28A06D00214364 /* rule.cpp in Sources */ = {isa = PBXBuildFile; fileRef = FA432E3A1B28A00300214364 /* rule.cpp */; };
		FA432E581B28A06D00214364 /* rule_def.cpp in Sources */ = {isa = PBXBuildFile; fileRef = FA432E3B1B28A00300214364 /* rule_def.cpp */; };
		FA432E591B28A06D00214364 /* token.cpp in Sources */ = {isa = PBXBuildFile; fileRef = FA432E3C1B28A00300214364 /* token.cpp */; };
		FA432E5A1B28A06D00214364 /* treepass.cpp in Sources */ = {isa = PBXBuildFile; fileRef = FA432E3D1B28A00300214364 /* treepass.cpp */; };
		FA432E5E1B28AD0C00214364 /* symbol.cpp in Sources */ = {isa = PBXBuildFile; fileRef = FA432E5D1B28AD0C00214364 /* symbol.cpp */; };
		FA432E601B28AE5800214364 /* scope.cpp in Sources */ = {isa = PBXBuildFile; fileRef = FA432E5F1B28AE5800214364 /* scope.cpp */; };
		FA432E621B28C82700214364 /* variable.cpp in Sources */ = {isa = PBXBuildFile; fileRef = FA432E611B28C82700214364 /* variable.cpp */; };
		FA432E651B29B95500214364 /* function.cpp in Sources */ = {isa = PBXBuildFile; fileRef = FA432E641B29B95500214364 /* function.cpp */; };
/* End PBXBuildFile section */

/* Begin PBXCopyFilesBuildPhase section */
		FA432E401B28A04C00214364 /* CopyFiles */ = {
			isa = PBXCopyFilesBuildPhase;
			buildActionMask = 2147483647;
			dstPath = /usr/share/man/man1/;
			dstSubfolderSpec = 0;
			files = (
			);
			runOnlyForDeploymentPostprocessing = 1;
		};
/* End PBXCopyFilesBuildPhase section */

/* Begin PBXFileReference section */
		FA432E181B28A00300214364 /* literal.hpp */ = {isa = PBXFileReference; fileEncoding = 4; lastKnownFileType = sourcecode.cpp.h; path = literal.hpp; sourceTree = "<group>"; };
		FA432E191B28A00300214364 /* scope.hpp */ = {isa = PBXFileReference; fileEncoding = 4; lastKnownFileType = sourcecode.cpp.h; path = scope.hpp; sourceTree = "<group>"; };
		FA432E1B1B28A00300214364 /* some.hpp */ = {isa = PBXFileReference; fileEncoding = 4; lastKnownFileType = sourcecode.cpp.h; path = some.hpp; sourceTree = "<group>"; };
		FA432E1C1B28A00300214364 /* type.hpp */ = {isa = PBXFileReference; fileEncoding = 4; lastKnownFileType = sourcecode.cpp.h; path = type.hpp; sourceTree = "<group>"; };
		FA432E1D1B28A00300214364 /* variable.hpp */ = {isa = PBXFileReference; fileEncoding = 4; lastKnownFileType = sourcecode.cpp.h; path = variable.hpp; sourceTree = "<group>"; };
		FA432E1F1B28A00300214364 /* grammar.hpp */ = {isa = PBXFileReference; fileEncoding = 4; lastKnownFileType = sourcecode.cpp.h; path = grammar.hpp; sourceTree = "<group>"; };
		FA432E201B28A00300214364 /* lexer.hpp */ = {isa = PBXFileReference; fileEncoding = 4; lastKnownFileType = sourcecode.cpp.h; path = lexer.hpp; sourceTree = "<group>"; };
		FA432E211B28A00300214364 /* node.hpp */ = {isa = PBXFileReference; fileEncoding = 4; lastKnownFileType = sourcecode.cpp.h; path = node.hpp; sourceTree = "<group>"; };
		FA432E231B28A00300214364 /* parser.hpp */ = {isa = PBXFileReference; fileEncoding = 4; lastKnownFileType = sourcecode.cpp.h; path = parser.hpp; sourceTree = "<group>"; };
		FA432E241B28A00300214364 /* rule.hpp */ = {isa = PBXFileReference; fileEncoding = 4; lastKnownFileType = sourcecode.cpp.h; path = rule.hpp; sourceTree = "<group>"; };
		FA432E251B28A00300214364 /* token.hpp */ = {isa = PBXFileReference; fileEncoding = 4; lastKnownFileType = sourcecode.cpp.h; path = token.hpp; sourceTree = "<group>"; };
		FA432E261B28A00300214364 /* treepass.hpp */ = {isa = PBXFileReference; fileEncoding = 4; lastKnownFileType = sourcecode.cpp.h; path = treepass.hpp; sourceTree = "<group>"; };
		FA432E281B28A00300214364 /* ast.hpp */ = {isa = PBXFileReference; fileEncoding = 4; lastKnownFileType = sourcecode.cpp.h; path = ast.hpp; sourceTree = "<group>"; };
		FA432E2A1B28A00300214364 /* grammar_def.hpp */ = {isa = PBXFileReference; fileEncoding = 4; lastKnownFileType = sourcecode.cpp.h; path = grammar_def.hpp; sourceTree = "<group>"; };
		FA432E2B1B28A00300214364 /* pass_def.hpp */ = {isa = PBXFileReference; fileEncoding = 4; lastKnownFileType = sourcecode.cpp.h; path = pass_def.hpp; sourceTree = "<group>"; };
		FA432E2C1B28A00300214364 /* rule_def.hpp */ = {isa = PBXFileReference; fileEncoding = 4; lastKnownFileType = sourcecode.cpp.h; path = rule_def.hpp; sourceTree = "<group>"; };
		FA432E2F1B28A00300214364 /* ast.cpp */ = {isa = PBXFileReference; fileEncoding = 4; lastKnownFileType = sourcecode.cpp.cpp; path = ast.cpp; sourceTree = "<group>"; };
		FA432E311B28A00300214364 /* grammar.cpp */ = {isa = PBXFileReference; fileEncoding = 4; lastKnownFileType = sourcecode.cpp.cpp; path = grammar.cpp; sourceTree = "<group>"; };
		FA432E321B28A00300214364 /* grammar_def.cpp */ = {isa = PBXFileReference; fileEncoding = 4; lastKnownFileType = sourcecode.cpp.cpp; path = grammar_def.cpp; sourceTree = "<group>"; };
		FA432E331B28A00300214364 /* lexer.cpp */ = {isa = PBXFileReference; fileEncoding = 4; lastKnownFileType = sourcecode.cpp.cpp; path = lexer.cpp; sourceTree = "<group>"; };
		FA432E341B28A00300214364 /* literal.cpp */ = {isa = PBXFileReference; fileEncoding = 4; lastKnownFileType = sourcecode.cpp.cpp; path = literal.cpp; sourceTree = "<group>"; };
		FA432E351B28A00300214364 /* main.cpp */ = {isa = PBXFileReference; fileEncoding = 4; lastKnownFileType = sourcecode.cpp.cpp; path = main.cpp; sourceTree = "<group>"; };
		FA432E361B28A00300214364 /* node.cpp */ = {isa = PBXFileReference; fileEncoding = 4; lastKnownFileType = sourcecode.cpp.cpp; path = node.cpp; sourceTree = "<group>"; };
		FA432E381B28A00300214364 /* parser.cpp */ = {isa = PBXFileReference; fileEncoding = 4; lastKnownFileType = sourcecode.cpp.cpp; path = parser.cpp; sourceTree = "<group>"; };
		FA432E391B28A00300214364 /* pass_def.cpp */ = {isa = PBXFileReference; fileEncoding = 4; lastKnownFileType = sourcecode.cpp.cpp; path = pass_def.cpp; sourceTree = "<group>"; };
		FA432E3A1B28A00300214364 /* rule.cpp */ = {isa = PBXFileReference; fileEncoding = 4; lastKnownFileType = sourcecode.cpp.cpp; path = rule.cpp; sourceTree = "<group>"; };
		FA432E3B1B28A00300214364 /* rule_def.cpp */ = {isa = PBXFileReference; fileEncoding = 4; lastKnownFileType = sourcecode.cpp.cpp; path = rule_def.cpp; sourceTree = "<group>"; };
		FA432E3C1B28A00300214364 /* token.cpp */ = {isa = PBXFileReference; fileEncoding = 4; lastKnownFileType = sourcecode.cpp.cpp; path = token.cpp; sourceTree = "<group>"; };
		FA432E3D1B28A00300214364 /* treepass.cpp */ = {isa = PBXFileReference; fileEncoding = 4; lastKnownFileType = sourcecode.cpp.cpp; path = treepass.cpp; sourceTree = "<group>"; };
		FA432E421B28A04C00214364 /* dummy */ = {isa = PBXFileReference; explicitFileType = "compiled.mach-o.executable"; includeInIndex = 0; path = dummy; sourceTree = BUILT_PRODUCTS_DIR; };
		FA432E5B1B28A22B00214364 /* memcheck_stub */ = {isa = PBXFileReference; lastKnownFileType = text.script.sh; path = memcheck_stub; sourceTree = SOURCE_ROOT; };
		FA432E5C1B28AC7A00214364 /* symbol.hpp */ = {isa = PBXFileReference; lastKnownFileType = sourcecode.cpp.h; path = symbol.hpp; sourceTree = "<group>"; };
		FA432E5D1B28AD0C00214364 /* symbol.cpp */ = {isa = PBXFileReference; fileEncoding = 4; lastKnownFileType = sourcecode.cpp.cpp; name = symbol.cpp; path = src/symbol.cpp; sourceTree = SOURCE_ROOT; };
		FA432E5F1B28AE5800214364 /* scope.cpp */ = {isa = PBXFileReference; fileEncoding = 4; lastKnownFileType = sourcecode.cpp.cpp; name = scope.cpp; path = src/scope.cpp; sourceTree = SOURCE_ROOT; };
		FA432E611B28C82700214364 /* variable.cpp */ = {isa = PBXFileReference; fileEncoding = 4; lastKnownFileType = sourcecode.cpp.cpp; name = variable.cpp; path = src/variable.cpp; sourceTree = SOURCE_ROOT; };
		FA432E631B29B7F800214364 /* function.hpp */ = {isa = PBXFileReference; lastKnownFileType = sourcecode.cpp.h; path = function.hpp; sourceTree = "<group>"; };
		FA432E641B29B95500214364 /* function.cpp */ = {isa = PBXFileReference; fileEncoding = 4; lastKnownFileType = sourcecode.cpp.cpp; path = function.cpp; sourceTree = "<group>"; };
/* End PBXFileReference section */

/* Begin PBXFrameworksBuildPhase section */
		FA432E3F1B28A04C00214364 /* Frameworks */ = {
			isa = PBXFrameworksBuildPhase;
			buildActionMask = 2147483647;
			files = (
			);
			runOnlyForDeploymentPostprocessing = 0;
		};
/* End PBXFrameworksBuildPhase section */

/* Begin PBXGroup section */
		FA16AD481B289FB700D89DDF = {
			isa = PBXGroup;
			children = (
				FA432E161B28A00300214364 /* inc */,
				FA432E2D1B28A00300214364 /* src */,
				FA432E5B1B28A22B00214364 /* memcheck_stub */,
				FA432E431B28A04C00214364 /* Products */,
			);
			sourceTree = "<group>";
		};
		FA432E161B28A00300214364 /* inc */ = {
			isa = PBXGroup;
			children = (
				FA432E171B28A00300214364 /* core */,
				FA432E1E1B28A00300214364 /* lang */,
				FA432E271B28A00300214364 /* sketch */,
			);
			path = inc;
			sourceTree = "<group>";
		};
		FA432E171B28A00300214364 /* core */ = {
			isa = PBXGroup;
			children = (
				FA432E181B28A00300214364 /* literal.hpp */,
				FA432E191B28A00300214364 /* scope.hpp */,
				FA432E5C1B28AC7A00214364 /* symbol.hpp */,
				FA432E1B1B28A00300214364 /* some.hpp */,
				FA432E1C1B28A00300214364 /* type.hpp */,
				FA432E1D1B28A00300214364 /* variable.hpp */,
				FA432E631B29B7F800214364 /* function.hpp */,
			);
			path = core;
			sourceTree = "<group>";
		};
		FA432E1E1B28A00300214364 /* lang */ = {
			isa = PBXGroup;
			children = (
				FA432E1F1B28A00300214364 /* grammar.hpp */,
				FA432E201B28A00300214364 /* lexer.hpp */,
				FA432E211B28A00300214364 /* node.hpp */,
				FA432E231B28A00300214364 /* parser.hpp */,
				FA432E241B28A00300214364 /* rule.hpp */,
				FA432E251B28A00300214364 /* token.hpp */,
				FA432E261B28A00300214364 /* treepass.hpp */,
			);
			path = lang;
			sourceTree = "<group>";
		};
		FA432E271B28A00300214364 /* sketch */ = {
			isa = PBXGroup;
			children = (
				FA432E281B28A00300214364 /* ast.hpp */,
				FA432E2A1B28A00300214364 /* grammar_def.hpp */,
				FA432E2B1B28A00300214364 /* pass_def.hpp */,
				FA432E2C1B28A00300214364 /* rule_def.hpp */,
			);
			path = sketch;
			sourceTree = "<group>";
		};
		FA432E2D1B28A00300214364 /* src */ = {
			isa = PBXGroup;
			children = (
				FA432E5D1B28AD0C00214364 /* symbol.cpp */,
				FA432E5F1B28AE5800214364 /* scope.cpp */,
				FA432E2F1B28A00300214364 /* ast.cpp */,
				FA432E611B28C82700214364 /* variable.cpp */,
				FA432E311B28A00300214364 /* grammar.cpp */,
				FA432E321B28A00300214364 /* grammar_def.cpp */,
				FA432E331B28A00300214364 /* lexer.cpp */,
				FA432E341B28A00300214364 /* literal.cpp */,
				FA432E351B28A00300214364 /* main.cpp */,
				FA432E361B28A00300214364 /* node.cpp */,
				FA432E381B28A00300214364 /* parser.cpp */,
				FA432E391B28A00300214364 /* pass_def.cpp */,
				FA432E3A1B28A00300214364 /* rule.cpp */,
				FA432E3B1B28A00300214364 /* rule_def.cpp */,
				FA432E641B29B95500214364 /* function.cpp */,
				FA432E3C1B28A00300214364 /* token.cpp */,
				FA432E3D1B28A00300214364 /* treepass.cpp */,
			);
			path = src;
			sourceTree = "<group>";
		};
		FA432E431B28A04C00214364 /* Products */ = {
			isa = PBXGroup;
			children = (
				FA432E421B28A04C00214364 /* dummy */,
			);
			name = Products;
			sourceTree = "<group>";
		};
/* End PBXGroup section */

/* Begin PBXLegacyTarget section */
		FA16AD4D1B289FB700D89DDF /* gpse */ = {
			isa = PBXLegacyTarget;
			buildArgumentsString = "$(ACTION)";
			buildConfigurationList = FA16AD501B289FB700D89DDF /* Build configuration list for PBXLegacyTarget "gpse" */;
			buildPhases = (
			);
			buildToolPath = /usr/bin/make;
			buildWorkingDirectory = /Users/Alex/Desktop/gpse;
			dependencies = (
			);
			name = gpse;
			passBuildSettingsInEnvironment = 0;
			productName = gpse;
		};
/* End PBXLegacyTarget section */

/* Begin PBXNativeTarget section */
		FA432E411B28A04C00214364 /* dummy */ = {
			isa = PBXNativeTarget;
			buildConfigurationList = FA432E491B28A04C00214364 /* Build configuration list for PBXNativeTarget "dummy" */;
			buildPhases = (
				FA432E3E1B28A04C00214364 /* Sources */,
				FA432E3F1B28A04C00214364 /* Frameworks */,
				FA432E401B28A04C00214364 /* CopyFiles */,
			);
			buildRules = (
			);
			dependencies = (
			);
			name = dummy;
			productName = dummy;
			productReference = FA432E421B28A04C00214364 /* dummy */;
			productType = "com.apple.product-type.tool";
		};
/* End PBXNativeTarget section */

/* Begin PBXProject section */
		FA16AD491B289FB700D89DDF /* Project object */ = {
			isa = PBXProject;
			attributes = {
				LastUpgradeCheck = 0510;
				ORGANIZATIONNAME = "Alexandre Monti";
			};
			buildConfigurationList = FA16AD4C1B289FB700D89DDF /* Build configuration list for PBXProject "gpse" */;
			compatibilityVersion = "Xcode 3.2";
			developmentRegion = English;
			hasScannedForEncodings = 0;
			knownRegions = (
				en,
			);
			mainGroup = FA16AD481B289FB700D89DDF;
			productRefGroup = FA432E431B28A04C00214364 /* Products */;
			projectDirPath = "";
			projectRoot = "";
			targets = (
				FA16AD4D1B289FB700D89DDF /* gpse */,
				FA432E411B28A04C00214364 /* dummy */,
			);
		};
/* End PBXProject section */

/* Begin PBXSourcesBuildPhase section */
		FA432E3E1B28A04C00214364 /* Sources */ = {
			isa = PBXSourcesBuildPhase;
			buildActionMask = 2147483647;
			files = (
				FA432E4C1B28A06D00214364 /* ast.cpp in Sources */,
				FA432E5E1B28AD0C00214364 /* symbol.cpp in Sources */,
				FA432E4E1B28A06D00214364 /* grammar.cpp in Sources */,
				FA432E621B28C82700214364 /* variable.cpp in Sources */,
				FA432E601B28AE5800214364 /* scope.cpp in Sources */,
				FA432E651B29B95500214364 /* function.cpp in Sources */,
				FA432E4F1B28A06D00214364 /* grammar_def.cpp in Sources */,
				FA432E501B28A06D00214364 /* lexer.cpp in Sources */,
				FA432E511B28A06D00214364 /* literal.cpp in Sources */,
				FA432E521B28A06D00214364 /* main.cpp in Sources */,
				FA432E531B28A06D00214364 /* node.cpp in Sources */,
				FA432E551B28A06D00214364 /* parser.cpp in Sources */,
				FA432E561B28A06D00214364 /* pass_def.cpp in Sources */,
				FA432E571B28A06D00214364 /* rule.cpp in Sources */,
				FA432E581B28A06D00214364 /* rule_def.cpp in Sources */,
				FA432E591B28A06D00214364 /* token.cpp in Sources */,
				FA432E5A1B28A06D00214364 /* treepass.cpp in Sources */,
			);
			runOnlyForDeploymentPostprocessing = 0;
		};
/* End PBXSourcesBuildPhase section */

/* Begin XCBuildConfiguration section */
		FA16AD4E1B289FB700D89DDF /* Debug */ = {
			isa = XCBuildConfiguration;
			buildSettings = {
				ALWAYS_SEARCH_USER_PATHS = NO;
				CLANG_CXX_LANGUAGE_STANDARD = "gnu++0x";
				CLANG_CXX_LIBRARY = "libc++";
				CLANG_ENABLE_MODULES = YES;
				CLANG_ENABLE_OBJC_ARC = YES;
				CLANG_WARN_BOOL_CONVERSION = YES;
				CLANG_WARN_CONSTANT_CONVERSION = YES;
				CLANG_WARN_DIRECT_OBJC_ISA_USAGE = YES_ERROR;
				CLANG_WARN_EMPTY_BODY = YES;
				CLANG_WARN_ENUM_CONVERSION = YES;
				CLANG_WARN_INT_CONVERSION = YES;
				CLANG_WARN_OBJC_ROOT_CLASS = YES_ERROR;
				CLANG_WARN__DUPLICATE_METHOD_MATCH = YES;
				COPY_PHASE_STRIP = NO;
				GCC_C_LANGUAGE_STANDARD = gnu99;
				GCC_DYNAMIC_NO_PIC = NO;
				GCC_ENABLE_OBJC_EXCEPTIONS = YES;
				GCC_OPTIMIZATION_LEVEL = 0;
				GCC_PREPROCESSOR_DEFINITIONS = (
					"DEBUG=1",
					"$(inherited)",
				);
				GCC_SYMBOLS_PRIVATE_EXTERN = NO;
				GCC_WARN_64_TO_32_BIT_CONVERSION = YES;
				GCC_WARN_ABOUT_RETURN_TYPE = YES_ERROR;
				GCC_WARN_UNDECLARED_SELECTOR = YES;
				GCC_WARN_UNINITIALIZED_AUTOS = YES_AGGRESSIVE;
				GCC_WARN_UNUSED_FUNCTION = YES;
				GCC_WARN_UNUSED_VARIABLE = YES;
				MACOSX_DEPLOYMENT_TARGET = 10.9;
				ONLY_ACTIVE_ARCH = YES;
				SDKROOT = macosx;
			};
			name = Debug;
		};
		FA16AD4F1B289FB700D89DDF /* Release */ = {
			isa = XCBuildConfiguration;
			buildSettings = {
				ALWAYS_SEARCH_USER_PATHS = NO;
				CLANG_CXX_LANGUAGE_STANDARD = "gnu++0x";
				CLANG_CXX_LIBRARY = "libc++";
				CLANG_ENABLE_MODULES = YES;
				CLANG_ENABLE_OBJC_ARC = YES;
				CLANG_WARN_BOOL_CONVERSION = YES;
				CLANG_WARN_CONSTANT_CONVERSION = YES;
				CLANG_WARN_DIRECT_OBJC_ISA_USAGE = YES_ERROR;
				CLANG_WARN_EMPTY_BODY = YES;
				CLANG_WARN_ENUM_CONVERSION = YES;
				CLANG_WARN_INT_CONVERSION = YES;
				CLANG_WARN_OBJC_ROOT_CLASS = YES_ERROR;
				CLANG_WARN__DUPLICATE_METHOD_MATCH = YES;
				COPY_PHASE_STRIP = YES;
				DEBUG_INFORMATION_FORMAT = "dwarf-with-dsym";
				ENABLE_NS_ASSERTIONS = NO;
				GCC_C_LANGUAGE_STANDARD = gnu99;
				GCC_ENABLE_OBJC_EXCEPTIONS = YES;
				GCC_WARN_64_TO_32_BIT_CONVERSION = YES;
				GCC_WARN_ABOUT_RETURN_TYPE = YES_ERROR;
				GCC_WARN_UNDECLARED_SELECTOR = YES;
				GCC_WARN_UNINITIALIZED_AUTOS = YES_AGGRESSIVE;
				GCC_WARN_UNUSED_FUNCTION = YES;
				GCC_WARN_UNUSED_VARIABLE = YES;
				MACOSX_DEPLOYMENT_TARGET = 10.9;
				SDKROOT = macosx;
			};
			name = Release;
		};
		FA16AD511B289FB700D89DDF /* Debug */ = {
			isa = XCBuildConfiguration;
			buildSettings = {
				DEBUGGING_SYMBOLS = YES;
				GCC_GENERATE_DEBUGGING_SYMBOLS = YES;
				GCC_OPTIMIZATION_LEVEL = 0;
				OTHER_CFLAGS = "";
				OTHER_LDFLAGS = "";
				PRODUCT_NAME = "$(TARGET_NAME)";
			};
			name = Debug;
		};
		FA16AD521B289FB700D89DDF /* Release */ = {
			isa = XCBuildConfiguration;
			buildSettings = {
				OTHER_CFLAGS = "";
				OTHER_LDFLAGS = "";
				PRODUCT_NAME = "$(TARGET_NAME)";
			};
			name = Release;
		};
		FA432E4A1B28A04C00214364 /* Debug */ = {
			isa = XCBuildConfiguration;
			buildSettings = {
				GCC_PREPROCESSOR_DEFINITIONS = (
					"DEBUG=1",
					"$(inherited)",
				);
				PRODUCT_NAME = "$(TARGET_NAME)";
				USER_HEADER_SEARCH_PATHS = /Users/Alex/Desktop/gpse/inc;
			};
			name = Debug;
		};
		FA432E4B1B28A04C00214364 /* Release */ = {
			isa = XCBuildConfiguration;
			buildSettings = {
				PRODUCT_NAME = "$(TARGET_NAME)";
				USER_HEADER_SEARCH_PATHS = /Users/Alex/Desktop/gpse/inc;
			};
			name = Release;
		};
/* End XCBuildConfiguration section */

/* Begin XCConfigurationList section */
		FA16AD4C1B289FB700D89DDF /* Build configuration list for PBXProject "gpse" */ = {
			isa = XCConfigurationList;
			buildConfigurations = (
				FA16AD4E1B289FB700D89DDF /* Debug */,
				FA16AD4F1B289FB700D89DDF /* Release */,
			);
			defaultConfigurationIsVisible = 0;
			defaultConfigurationName = Release;
		};
		FA16AD501B289FB700D89DDF /* Build configuration list for PBXLegacyTarget "gpse" */ = {
			isa = XCConfigurationList;
			buildConfigurations = (
				FA16AD511B289FB700D89DDF /* Debug */,
				FA16AD521B289FB700D89DDF /* Release */,
			);
			defaultConfigurationIsVisible = 0;
			defaultConfigurationName = Release;
		};
		FA432E491B28A04C00214364 /* Build configuration list for PBXNativeTarget "dummy" */ = {
			isa = XCConfigurationList;
			buildConfigurations = (
				FA432E4A1B28A04C00214364 /* Debug */,
				FA432E4B1B28A04C00214364 /* Release */,
			);
			defaultConfigurationIsVisible = 0;
			defaultConfigurationName = Release;
		};
/* End XCConfigurationList section */
	};
	rootObject = FA16AD491B289FB700D89DDF /* Project object */;
}
